
Microsoft Visual Studio Solution File, Format Version 12.00
# Visual Studio Version 17
VisualStudioVersion = 17.8.34330.188
MinimumVisualStudioVersion = 10.0.40219.1
Project("{9A19103F-16F7-4668-BE54-9A1E7A4F7556}") = "TimeManagement.Streaming.Consumer", "TimeManagement.Streaming.Consumer\TimeManagement.Streaming.Consumer.csproj", "{789198FB-98ED-4ED5-84C3-E8D2211F1F37}"
EndProject
Project("{FAE04EC0-301F-11D3-BF4B-00C04F79EFBC}") = "TimeManagement.Streaming.Producer", "TimeManagement.Streaming.Producer\TimeManagement.Streaming.Producer.csproj", "{32A3413C-0351-44A9-AC60-6DFE510E170A}"
EndProject
Global
	GlobalSection(SolutionConfigurationPlatforms) = preSolution
		Debug|Any CPU = Debug|Any CPU
		Release|Any CPU = Release|Any CPU
	EndGlobalSection
	GlobalSection(ProjectConfigurationPlatforms) = postSolution
		{789198FB-98ED-4ED5-84C3-E8D2211F1F37}.Debug|Any CPU.ActiveCfg = Debug|Any CPU
		{789198FB-98ED-4ED5-84C3-E8D2211F1F37}.Debug|Any CPU.Build.0 = Debug|Any CPU
		{789198FB-98ED-4ED5-84C3-E8D2211F1F37}.Release|Any CPU.ActiveCfg = Release|Any CPU
		{789198FB-98ED-4ED5-84C3-E8D2211F1F37}.Release|Any CPU.Build.0 = Release|Any CPU
		{32A3413C-0351-44A9-AC60-6DFE510E170A}.Debug|Any CPU.ActiveCfg = Debug|Any CPU
		{32A3413C-0351-44A9-AC60-6DFE510E170A}.Debug|Any CPU.Build.0 = Debug|Any CPU
		{32A3413C-0351-44A9-AC60-6DFE510E170A}.Release|Any CPU.ActiveCfg = Release|Any CPU
		{32A3413C-0351-44A9-AC60-6DFE510E170A}.Release|Any CPU.Build.0 = Release|Any CPU
	EndGlobalSection
	GlobalSection(SolutionProperties) = preSolution
		HideSolutionNode = FALSE
	EndGlobalSection
	GlobalSection(ExtensibilityGlobals) = postSolution
		SolutionGuid = {276F54B6-DDA3-453E-9415-DE64831F1C9B}
	EndGlobalSection
EndGlobal
